<?xml version="1.0" encoding="utf-8"?>
<Project ToolsVersion="4.0" xmlns="http://schemas.microsoft.com/developer/msbuild/2003">
  <ItemGroup>
    <ClCompile Include="GameL\Audio.cpp">
      <Filter>リソースファイル</Filter>
    </ClCompile>
    <ClCompile Include="GameL\DirectXDevice.cpp">
      <Filter>リソースファイル</Filter>
    </ClCompile>
    <ClCompile Include="GameL\Draw2DTex_Source.cpp">
      <Filter>リソースファイル</Filter>
    </ClCompile>
    <ClCompile Include="GameL\DrawFont.cpp">
      <Filter>リソースファイル</Filter>
    </ClCompile>
    <ClCompile Include="GameL\DrawTexture.cpp">
      <Filter>リソースファイル</Filter>
    </ClCompile>
    <ClCompile Include="GameL\GameL_Main.cpp">
      <Filter>リソースファイル</Filter>
    </ClCompile>
    <ClCompile Include="GameL\HitBoxManager.cpp">
      <Filter>リソースファイル</Filter>
    </ClCompile>
    <ClCompile Include="GameL\MultiThread.cpp">
      <Filter>リソースファイル</Filter>
    </ClCompile>
    <ClCompile Include="GameL\SetWindow.cpp">
      <Filter>リソースファイル</Filter>
    </ClCompile>
    <ClCompile Include="GameL\UserData.cpp">
      <Filter>リソースファイル</Filter>
    </ClCompile>
    <ClCompile Include="UtilityModule.cpp">
      <Filter>リソースファイル</Filter>
    </ClCompile>
    <ClCompile Include="GameL\WICTextureLoader.cpp">
      <Filter>リソースファイル</Filter>
    </ClCompile>
    <ClCompile Include="GameL\WinInputs.cpp">
      <Filter>リソースファイル</Filter>
    </ClCompile>
    <ClCompile Include="SceneTitle.cpp">
      <Filter>ソースファイル\タイトル</Filter>
    </ClCompile>
    <ClCompile Include="ObjTitle.cpp">
      <Filter>ソースファイル\タイトル</Filter>
    </ClCompile>
    <ClCompile Include="ObjBlock.cpp">
      <Filter>ソースファイル\ステージマップ</Filter>
    </ClCompile>
    <ClCompile Include="ObjMiniMap.cpp">
      <Filter>ソースファイル\ステージマップ</Filter>
    </ClCompile>
    <ClCompile Include="ObjStageChoice.cpp">
      <Filter>ソースファイル\ステージ選択</Filter>
    </ClCompile>
    <ClCompile Include="ObjStageChoiceHero.cpp">
      <Filter>ソースファイル\ステージ選択</Filter>
    </ClCompile>
    <ClCompile Include="SceneStageChoice.cpp">
      <Filter>ソースファイル\ステージ選択</Filter>
    </ClCompile>
    <ClCompile Include="ObjBeamSaber.cpp">
      <Filter>ソースファイル\ビームサーベル</Filter>
    </ClCompile>
    <ClCompile Include="ObjCow.cpp">
      <Filter>ソースファイル\敵\牛</Filter>
    </ClCompile>
    <ClCompile Include="ObjHero.cpp">
      <Filter>ソースファイル\主人公</Filter>
    </ClCompile>
    <ClCompile Include="ObjHeart.cpp">
      <Filter>ソースファイル\主人公</Filter>
    </ClCompile>
    <ClCompile Include="SceneEarth.cpp">
      <Filter>ソースファイル\地球</Filter>
    </ClCompile>
    <ClCompile Include="ObjStageClear.cpp">
      <Filter>ソースファイル\ステージクリア</Filter>
    </ClCompile>
    <ClCompile Include="SceneStageClear.cpp">
      <Filter>ソースファイル\ステージクリア</Filter>
    </ClCompile>
    <ClCompile Include="ObjMeteo.cpp">
      <Filter>ソースファイル\ステージオブジェクト</Filter>
    </ClCompile>
    <ClCompile Include="ObjStar.cpp">
      <Filter>ソースファイル\ステージオブジェクト</Filter>
    </ClCompile>
    <ClCompile Include="SceneMain.cpp">
      <Filter>ソースファイル\ゲームメイン</Filter>
    </ClCompile>
    <ClCompile Include="SceneVenus.cpp">
      <Filter>ソースファイル\金星</Filter>
    </ClCompile>
    <ClCompile Include="GameL\SceneManager.cpp">
      <Filter>リソースファイル</Filter>
    </ClCompile>
    <ClCompile Include="GameL\SceneObjManager.cpp">
      <Filter>リソースファイル</Filter>
    </ClCompile>
    <ClCompile Include="ObjMessage.cpp">
      <Filter>ソースファイル\メッセージ</Filter>
    </ClCompile>
    <ClCompile Include="ObjAsteroid.cpp">
      <Filter>ソースファイル\ステージオブジェクト</Filter>
    </ClCompile>
  </ItemGroup>
  <ItemGroup>
    <ClInclude Include="GameL\Audio.h">
      <Filter>リソースファイル</Filter>
    </ClInclude>
    <ClInclude Include="GameL\DirectXDevice.h">
      <Filter>リソースファイル</Filter>
    </ClInclude>
    <ClInclude Include="GameL\DirectXTex.h">
      <Filter>リソースファイル</Filter>
    </ClInclude>
    <ClInclude Include="GameL\DrawFont.h">
      <Filter>リソースファイル</Filter>
    </ClInclude>
    <ClInclude Include="GameL\DrawTexture.h">
      <Filter>リソースファイル</Filter>
    </ClInclude>
    <ClInclude Include="GameHead.h">
      <Filter>ヘッダーファイル</Filter>
    </ClInclude>
    <ClInclude Include="main.h">
      <Filter>ヘッダーファイル</Filter>
    </ClInclude>
    <ClInclude Include="GameL\HitBoxManager.h">
      <Filter>リソースファイル</Filter>
    </ClInclude>
    <ClInclude Include="GameL\MultiThread.h">
      <Filter>リソースファイル</Filter>
    </ClInclude>
    <ClInclude Include="GameL\SetWindow.h">
      <Filter>リソースファイル</Filter>
    </ClInclude>
    <ClInclude Include="GameL\UserData.h">
      <Filter>リソースファイル</Filter>
    </ClInclude>
    <ClInclude Include="UtilityModule.h">
      <Filter>リソースファイル</Filter>
    </ClInclude>
    <ClInclude Include="GameL\WICTextureLoader.h">
      <Filter>リソースファイル</Filter>
    </ClInclude>
    <ClInclude Include="GameL\WinInputs.h">
      <Filter>リソースファイル</Filter>
    </ClInclude>
    <ClInclude Include="SceneTitle.h">
      <Filter>ソースファイル\タイトル</Filter>
    </ClInclude>
    <ClInclude Include="ObjTitle.h">
      <Filter>ソースファイル\タイトル</Filter>
    </ClInclude>
    <ClInclude Include="ObjBlock.h">
      <Filter>ソースファイル\ステージマップ</Filter>
    </ClInclude>
    <ClInclude Include="ObjMiniMap.h">
      <Filter>ソースファイル\ステージマップ</Filter>
    </ClInclude>
    <ClInclude Include="ObjStageChoice.h">
      <Filter>ソースファイル\ステージ選択</Filter>
    </ClInclude>
    <ClInclude Include="ObjStageChoiceHero.h">
      <Filter>ソースファイル\ステージ選択</Filter>
    </ClInclude>
    <ClInclude Include="SceneStageChoice.h">
      <Filter>ソースファイル\ステージ選択</Filter>
    </ClInclude>
    <ClInclude Include="ObjBeamSaber.h">
      <Filter>ソースファイル\ビームサーベル</Filter>
    </ClInclude>
    <ClInclude Include="ObjCow.h">
      <Filter>ソースファイル\敵\牛</Filter>
    </ClInclude>
    <ClInclude Include="ObjHero.h">
      <Filter>ソースファイル\主人公</Filter>
    </ClInclude>
    <ClInclude Include="ObjHeart.h">
      <Filter>ソースファイル\主人公</Filter>
    </ClInclude>
    <ClInclude Include="SceneEarth.h">
      <Filter>ソースファイル\地球</Filter>
    </ClInclude>
    <ClInclude Include="ObjStageClear.h">
      <Filter>ソースファイル\ステージクリア</Filter>
    </ClInclude>
    <ClInclude Include="SceneStageClear.h">
      <Filter>ソースファイル\ステージクリア</Filter>
    </ClInclude>
    <ClInclude Include="ObjMeteo.h">
      <Filter>ソースファイル\ステージオブジェクト</Filter>
    </ClInclude>
    <ClInclude Include="ObjStar.h">
      <Filter>ソースファイル\ステージオブジェクト</Filter>
    </ClInclude>
    <ClInclude Include="SceneMain.h">
      <Filter>ソースファイル\ゲームメイン</Filter>
    </ClInclude>
    <ClInclude Include="SceneVenus.h">
      <Filter>ソースファイル\金星</Filter>
    </ClInclude>
    <ClInclude Include="GameL\SceneObjManager.h">
      <Filter>リソースファイル</Filter>
    </ClInclude>
    <ClInclude Include="GameL\SceneManager.h">
      <Filter>リソースファイル</Filter>
    </ClInclude>
    <ClInclude Include="ObjMessage.h">
      <Filter>ソースファイル\メッセージ</Filter>
    </ClInclude>
    <ClInclude Include="ObjAsteroid.h">
      <Filter>ソースファイル\ステージオブジェクト</Filter>
    </ClInclude>
  </ItemGroup>
  <ItemGroup>
    <Filter Include="ソースファイル">
      <UniqueIdentifier>{2b92bc63-9406-451d-b666-a35812e0ba32}</UniqueIdentifier>
    </Filter>
    <Filter Include="ヘッダーファイル">
      <UniqueIdentifier>{3577f479-6b11-4206-aba3-a193655e3f16}</UniqueIdentifier>
    </Filter>
    <Filter Include="リソースファイル">
      <UniqueIdentifier>{251162a9-725b-4352-a2a0-b58ef5a09b2d}</UniqueIdentifier>
    </Filter>
    <Filter Include="ソースファイル\タイトル">
      <UniqueIdentifier>{7af563b5-04bc-4307-8eed-2795a3c8c08e}</UniqueIdentifier>
    </Filter>
    <Filter Include="ソースファイル\ステージマップ">
      <UniqueIdentifier>{1219d113-30c9-4eaf-a76f-ebe22e2d8545}</UniqueIdentifier>
    </Filter>
    <Filter Include="ソースファイル\ステージ選択">
      <UniqueIdentifier>{56e2b192-79f6-41e6-a627-521a46971164}</UniqueIdentifier>
    </Filter>
    <Filter Include="ソースファイル\ビームサーベル">
      <UniqueIdentifier>{8f923c16-c632-4299-b25a-17c75964087d}</UniqueIdentifier>
    </Filter>
    <Filter Include="ソースファイル\敵">
      <UniqueIdentifier>{d3bad89a-0995-43d4-ab49-8c88d1b8ed20}</UniqueIdentifier>
    </Filter>
    <Filter Include="ソースファイル\敵\牛">
      <UniqueIdentifier>{23aeccb9-7c90-43bc-8394-3a6f3099700e}</UniqueIdentifier>
    </Filter>
    <Filter Include="ソースファイル\主人公">
      <UniqueIdentifier>{703eba23-a27f-4d2f-8a6d-274afb59a4de}</UniqueIdentifier>
    </Filter>
    <Filter Include="ソースファイル\地球">
      <UniqueIdentifier>{ab9ef0d4-2d9f-40b7-a712-0fa391a75966}</UniqueIdentifier>
    </Filter>
    <Filter Include="ソースファイル\ステージクリア">
      <UniqueIdentifier>{271132ca-7056-49c4-bd61-1b44e2f7986c}</UniqueIdentifier>
    </Filter>
    <Filter Include="ソースファイル\ステージオブジェクト">
      <UniqueIdentifier>{27a5e77e-3d22-47a1-8fe9-f47d2f7d835c}</UniqueIdentifier>
    </Filter>
    <Filter Include="ソースファイル\ゲームメイン">
      <UniqueIdentifier>{8c71d95d-3d81-4f27-a8c0-d48e6746a1c8}</UniqueIdentifier>
    </Filter>
    <Filter Include="ソースファイル\金星">
      <UniqueIdentifier>{d23b48e2-d049-4ff8-80e5-762b3ea2d94a}</UniqueIdentifier>
    </Filter>
    <Filter Include="ソースファイル\メッセージ">
      <UniqueIdentifier>{94ba520b-fe63-43e2-b391-7766afbccb6e}</UniqueIdentifier>
    </Filter>
  </ItemGroup>
  <ItemGroup>
    <None Include="GameL\DirectXTex.inl">
      <Filter>リソースファイル</Filter>
    </None>
  </ItemGroup>
  <ItemGroup>
    <Library Include="GameL\DirectXTex.lib">
      <Filter>リソースファイル</Filter>
    </Library>
  </ItemGroup>
</Project>