<?xml version="1.0" encoding="utf-8"?>
<Project ToolsVersion="4.0" xmlns="http://schemas.microsoft.com/developer/msbuild/2003">
  <ItemGroup>
    <ClCompile Include="GameL\Audio.cpp" />
    <ClCompile Include="GameL\DirectXDevice.cpp" />
    <ClCompile Include="GameL\Draw2DTex_Source.cpp" />
    <ClCompile Include="GameL\DrawFont.cpp" />
    <ClCompile Include="GameL\DrawTexture.cpp" />
    <ClCompile Include="GameL\GameL_Main.cpp" />
    <ClCompile Include="GameL\HitBoxManager.cpp" />
    <ClCompile Include="GameL\MultiThread.cpp" />
    <ClCompile Include="GameL\SceneManager.cpp" />
    <ClCompile Include="GameL\SceneObjManager.cpp" />
    <ClCompile Include="GameL\SetWindow.cpp" />
    <ClCompile Include="GameL\UserData.cpp" />
    <ClCompile Include="GameL\WICTextureLoader.cpp" />
    <ClCompile Include="GameL\WinInputs.cpp" />
    <ClCompile Include="ObjAsteroid.cpp" />
    <ClCompile Include="ObjMP.cpp" />
    <ClCompile Include="ObjHeart.cpp" />
    <ClCompile Include="ObjBlock.cpp" />
    <ClCompile Include="ObjBeamSaber.cpp" />
    <ClCompile Include="ObjCow.cpp" />
    <ClCompile Include="ObjMessage.cpp" />
    <ClCompile Include="ObjMeteo.cpp" />
    <ClCompile Include="ObjMiniMap.cpp" />
    <ClCompile Include="ObjStageChoice.cpp" />
    <ClCompile Include="ObjStageChoiceHero.cpp" />
    <ClCompile Include="ObjStageClear.cpp" />
    <ClCompile Include="ObjStar.cpp" />
    <ClCompile Include="ObjTitle.cpp" />
    <ClCompile Include="SceneEarth.cpp" />
    <ClCompile Include="SceneStageChoice.cpp" />
    <ClCompile Include="SceneStageClear.cpp" />
    <ClCompile Include="SceneTitle.cpp" />
    <ClCompile Include="ObjHero.cpp" />
    <ClCompile Include="SceneMain.cpp" />
    <ClCompile Include="SceneVenus.cpp" />
    <ClCompile Include="UtilityModule.cpp" />
  </ItemGroup>
  <ItemGroup>
    <ClInclude Include="GameHead.h" />
    <ClInclude Include="GameL\Audio.h" />
    <ClInclude Include="GameL\DirectXDevice.h" />
    <ClInclude Include="GameL\DirectXTex.h" />
    <ClInclude Include="GameL\DrawFont.h" />
    <ClInclude Include="GameL\DrawTexture.h" />
    <ClInclude Include="GameL\HitBoxManager.h" />
    <ClInclude Include="GameL\MultiThread.h" />
    <ClInclude Include="GameL\SceneManager.h" />
    <ClInclude Include="GameL\SceneObjManager.h" />
    <ClInclude Include="GameL\SetWindow.h" />
    <ClInclude Include="GameL\UserData.h" />
    <ClInclude Include="GameL\WICTextureLoader.h" />
    <ClInclude Include="GameL\WinInputs.h" />
    <ClInclude Include="main.h" />
    <ClInclude Include="ObjMP.h" />
    <ClInclude Include="ObjAsteroid.h" />
    <ClInclude Include="ObjBlock.h" />
    <ClInclude Include="ObjBeamSaber.h" />
    <ClInclude Include="ObjCow.h" />
    <ClInclude Include="ObjHeart.h" />
    <ClInclude Include="ObjMessage.h" />
    <ClInclude Include="ObjMeteo.h" />
    <ClInclude Include="ObjMiniMap.h" />
    <ClInclude Include="ObjStageChoice.h" />
    <ClInclude Include="ObjStageChoiceHero.h" />
    <ClInclude Include="ObjStageClear.h" />
    <ClInclude Include="ObjStar.h" />
    <ClInclude Include="ObjTitle.h" />
    <ClInclude Include="SceneEarth.h" />
    <ClInclude Include="SceneStageChoice.h" />
    <ClInclude Include="SceneStageClear.h" />
    <ClInclude Include="SceneTitle.h" />
    <ClInclude Include="ObjHero.h" />
    <ClInclude Include="SceneMain.h" />
    <ClInclude Include="SceneVenus.h" />
    <ClInclude Include="UtilityModule.h" />
    <ClInclude Include="ObjBlackHole.h" />
  </ItemGroup>
  <ItemGroup>
    <Library Include="GameL\DirectXTex.lib" />
  </ItemGroup>
  <ItemGroup>
    <None Include="GameL\DirectXTex.inl" />
  </ItemGroup>
</Project>